<?xml version="1.0" encoding="utf-8"?>
<Project ToolsVersion="4.0" xmlns="http://schemas.microsoft.com/developer/msbuild/2003">
  <ItemGroup>
    <Filter Include="win32">
      <UniqueIdentifier>{84a8ebd7-7cf0-47f6-b75e-d441df67da40}</UniqueIdentifier>
    </Filter>
    <Filter Include="resource">
      <UniqueIdentifier>{715254bc-d70b-4ec5-bf29-467dd3ace079}</UniqueIdentifier>
    </Filter>
    <Filter Include="src">
      <UniqueIdentifier>{bb6c862e-70e9-49d9-81b7-3829a6f50471}</UniqueIdentifier>
    </Filter>
    <Filter Include="src\GameMemoryCard">
      <UniqueIdentifier>{0299aa89-b407-4098-b6e8-166d32f80679}</UniqueIdentifier>
    </Filter>
    <Filter Include="src\test1">
      <UniqueIdentifier>{d9676a40-ff39-4aa5-826f-76e68b9c2886}</UniqueIdentifier>
    </Filter>
  </ItemGroup>
  <ItemGroup>
    <ResourceCompile Include="game.rc">
      <Filter>resource</Filter>
    </ResourceCompile>
  </ItemGroup>
  <ItemGroup>
    <ClCompile Include="main.cpp">
      <Filter>win32</Filter>
    </ClCompile>
    <ClCompile Include="LayerGameMemoryCard.cpp">
      <Filter>src\GameMemoryCard</Filter>
    </ClCompile>
    <ClCompile Include="LayerStart.cpp">
      <Filter>src\GameMemoryCard</Filter>
    </ClCompile>
    <ClCompile Include="CardItem.cpp">
      <Filter>src\GameMemoryCard</Filter>
    </ClCompile>
    <ClCompile Include="..\Classes\AnchorPoint.cpp">
      <Filter>src\test1</Filter>
    </ClCompile>
    <ClCompile Include="BatchNodeTest.cpp">
      <Filter>src\test1</Filter>
    </ClCompile>
    <ClCompile Include="FrameCacheTest.cpp">
      <Filter>src\test1</Filter>
    </ClCompile>
    <ClCompile Include="..\Classes\HelloWorldScene.cpp">
      <Filter>src\test1</Filter>
    </ClCompile>
    <ClCompile Include="LabelTest.cpp">
      <Filter>src\test1</Filter>
    </ClCompile>
    <ClCompile Include="LayerColor.cpp">
      <Filter>src\test1</Filter>
    </ClCompile>
    <ClCompile Include="..\Classes\LayerSprite.cpp">
      <Filter>src\test1</Filter>
    </ClCompile>
    <ClCompile Include="MemoryContralTest.cpp">
      <Filter>src\test1</Filter>
    </ClCompile>
    <ClCompile Include="..\Classes\AppDelegate.cpp">
      <Filter>src</Filter>
    </ClCompile>
    <ClCompile Include="..\Classes\MyLayer.cpp">
      <Filter>src\test1</Filter>
    </ClCompile>
    <ClCompile Include="ScheduleTest.cpp">
      <Filter>src\test1</Filter>
    </ClCompile>
    <ClCompile Include="TouchTest.cpp">
      <Filter>src\test1</Filter>
    </ClCompile>
  </ItemGroup>
  <ItemGroup>
    <ClInclude Include="main.h">
      <Filter>win32</Filter>
    </ClInclude>
    <ClInclude Include="LayerGameMemoryCard.h">
      <Filter>src\GameMemoryCard</Filter>
    </ClInclude>
    <ClInclude Include="LayerStart.h">
      <Filter>src\GameMemoryCard</Filter>
    </ClInclude>
    <ClInclude Include="CardItem.h">
      <Filter>src\GameMemoryCard</Filter>
    </ClInclude>
    <ClInclude Include="..\Classes\AnchorPoint.h">
      <Filter>src\test1</Filter>
    </ClInclude>
    <ClInclude Include="..\Classes\AppMacros.h">
      <Filter>src\test1</Filter>
    </ClInclude>
    <ClInclude Include="BatchNodeTest.h">
      <Filter>src\test1</Filter>
    </ClInclude>
    <ClInclude Include="FrameCacheTest.h">
      <Filter>src\test1</Filter>
    </ClInclude>
    <ClInclude Include="..\Classes\HelloWorldScene.h">
      <Filter>src\test1</Filter>
    </ClInclude>
    <ClInclude Include="LabelTest.h">
      <Filter>src\test1</Filter>
    </ClInclude>
    <ClInclude Include="LayerColor.h">
      <Filter>src\test1</Filter>
    </ClInclude>
    <ClInclude Include="..\Classes\LayerSprite.h">
      <Filter>src\test1</Filter>
    </ClInclude>
    <ClInclude Include="MemoryContralTest.h">
      <Filter>src\test1</Filter>
    </ClInclude>
    <ClInclude Include="..\Classes\AppDelegate.h">
      <Filter>src</Filter>
    </ClInclude>
    <ClInclude Include="..\Classes\MyLayer.h">
      <Filter>src\test1</Filter>
    </ClInclude>
    <ClInclude Include="resource.h">
      <Filter>src\test1</Filter>
    </ClInclude>
    <ClInclude Include="ScheduleTest.h">
      <Filter>src\test1</Filter>
    </ClInclude>
    <ClInclude Include="TouchTest.h">
      <Filter>src\test1</Filter>
    </ClInclude>
  </ItemGroup>
</Project>